
Microsoft Visual Studio Solution File, Format Version 12.00
# Visual Studio Version 16
VisualStudioVersion = 16.0.32002.261
MinimumVisualStudioVersion = 10.0.40219.1
Project("{FAE04EC0-301F-11D3-BF4B-00C04F79EFBC}") = "CurrencyConverter.Android", "CurrencyConverter\CurrencyConverter.Android\CurrencyConverter.Android.csproj", "{363E928C-1968-4C7A-8D52-E2B7559570E4}"
EndProject
Project("{FAE04EC0-301F-11D3-BF4B-00C04F79EFBC}") = "CurrencyConverter", "CurrencyConverter\CurrencyConverter\CurrencyConverter.csproj", "{33DC6E49-3517-4A7C-B951-EC0A13033163}"
EndProject
Global
	GlobalSection(SolutionConfigurationPlatforms) = preSolution
		Debug|Any CPU = Debug|Any CPU
		Release|Any CPU = Release|Any CPU
	EndGlobalSection
	GlobalSection(ProjectConfigurationPlatforms) = postSolution
		{363E928C-1968-4C7A-8D52-E2B7559570E4}.Debug|Any CPU.ActiveCfg = Debug|Any CPU
		{363E928C-1968-4C7A-8D52-E2B7559570E4}.Debug|Any CPU.Build.0 = Debug|Any CPU
		{363E928C-1968-4C7A-8D52-E2B7559570E4}.Debug|Any CPU.Deploy.0 = Debug|Any CPU
		{363E928C-1968-4C7A-8D52-E2B7559570E4}.Release|Any CPU.ActiveCfg = Release|Any CPU
		{363E928C-1968-4C7A-8D52-E2B7559570E4}.Release|Any CPU.Build.0 = Release|Any CPU
		{363E928C-1968-4C7A-8D52-E2B7559570E4}.Release|Any CPU.Deploy.0 = Release|Any CPU
		{33DC6E49-3517-4A7C-B951-EC0A13033163}.Debug|Any CPU.ActiveCfg = Debug|Any CPU
		{33DC6E49-3517-4A7C-B951-EC0A13033163}.Debug|Any CPU.Build.0 = Debug|Any CPU
		{33DC6E49-3517-4A7C-B951-EC0A13033163}.Debug|Any CPU.Deploy.0 = Debug|Any CPU
		{33DC6E49-3517-4A7C-B951-EC0A13033163}.Release|Any CPU.ActiveCfg = Release|Any CPU
		{33DC6E49-3517-4A7C-B951-EC0A13033163}.Release|Any CPU.Build.0 = Release|Any CPU
		{33DC6E49-3517-4A7C-B951-EC0A13033163}.Release|Any CPU.Deploy.0 = Release|Any CPU
	EndGlobalSection
	GlobalSection(SolutionProperties) = preSolution
		HideSolutionNode = FALSE
	EndGlobalSection
	GlobalSection(ExtensibilityGlobals) = postSolution
		SolutionGuid = {2409621F-2E10-4A11-B027-EBF156F098E5}
	EndGlobalSection
EndGlobal
